
Microsoft Visual Studio Solution File, Format Version 11.00
# Visual Studio 2010
# SharpDevelop 4.4
Project("{FAE04EC0-301F-11D3-BF4B-00C04F79EFBC}") = "Trabajo_metodologia", "Trabajo_metodologia.csproj", "{54444755-3E2C-4212-B787-142E9D7FB21C}"
EndProject
Global
	GlobalSection(SolutionConfigurationPlatforms) = preSolution
		Debug|Any CPU = Debug|Any CPU
		Release|Any CPU = Release|Any CPU
	EndGlobalSection
	GlobalSection(ProjectConfigurationPlatforms) = postSolution
		{54444755-3E2C-4212-B787-142E9D7FB21C}.Debug|Any CPU.Build.0 = Debug|Any CPU
		{54444755-3E2C-4212-B787-142E9D7FB21C}.Debug|Any CPU.ActiveCfg = Debug|Any CPU
		{54444755-3E2C-4212-B787-142E9D7FB21C}.Release|Any CPU.Build.0 = Release|Any CPU
		{54444755-3E2C-4212-B787-142E9D7FB21C}.Release|Any CPU.ActiveCfg = Release|Any CPU
	EndGlobalSection
EndGlobal
